// !$*UTF8*$!
{
	archiveVersion = 1;
	classes = {
	};
	objectVersion = 46;
	objects = {

/* Begin PBXBuildFile section */
		5CD8BCA61EC07DBE00366EB9 /* main.m in Sources */ = {isa = PBXBuildFile; fileRef = 5CD8BCA51EC07DBE00366EB9 /* main.m */; };
		5CD8BCA91EC07DBE00366EB9 /* AppDelegate.m in Sources */ = {isa = PBXBuildFile; fileRef = 5CD8BCA81EC07DBE00366EB9 /* AppDelegate.m */; };
		5CD8BCAC1EC07DBE00366EB9 /* ViewController.m in Sources */ = {isa = PBXBuildFile; fileRef = 5CD8BCAB1EC07DBE00366EB9 /* ViewController.m */; };
		5CD8BCAF1EC07DBE00366EB9 /* Main.storyboard in Resources */ = {isa = PBXBuildFile; fileRef = 5CD8BCAD1EC07DBE00366EB9 /* Main.storyboard */; };
		5CD8BCB11EC07DBE00366EB9 /* Assets.xcassets in Resources */ = {isa = PBXBuildFile; fileRef = 5CD8BCB01EC07DBE00366EB9 /* Assets.xcassets */; };
		5CD8BCB41EC07DBE00366EB9 /* LaunchScreen.storyboard in Resources */ = {isa = PBXBuildFile; fileRef = 5CD8BCB21EC07DBE00366EB9 /* LaunchScreen.storyboard */; };
		5CD8BCC01EC07E1000366EB9 /* UIFont+AutoSize.m in Sources */ = {isa = PBXBuildFile; fileRef = 5CD8BCBF1EC07E1000366EB9 /* UIFont+AutoSize.m */; };
/* End PBXBuildFile section */

/* Begin PBXFileReference section */
		5CD8BCA11EC07DBE00366EB9 /* FontSize.app */ = {isa = PBXFileReference; explicitFileType = wrapper.application; includeInIndex = 0; path = FontSize.app; sourceTree = BUILT_PRODUCTS_DIR; };
		5CD8BCA51EC07DBE00366EB9 /* main.m */ = {isa = PBXFileReference; lastKnownFileType = sourcecode.c.objc; path = main.m; sourceTree = "<group>"; };
		5CD8BCA71EC07DBE00366EB9 /* AppDelegate.h */ = {isa = PBXFileReference; lastKnownFileType = sourcecode.c.h; path = AppDelegate.h; sourceTree = "<group>"; };
		5CD8BCA81EC07DBE00366EB9 /* AppDelegate.m */ = {isa = PBXFileReference; lastKnownFileType = sourcecode.c.objc; path = AppDelegate.m; sourceTree = "<group>"; };
		5CD8BCAA1EC07DBE00366EB9 /* ViewController.h */ = {isa = PBXFileReference; lastKnownFileType = sourcecode.c.h; path = ViewController.h; sourceTree = "<group>"; };
		5CD8BCAB1EC07DBE00366EB9 /* ViewController.m */ = {isa = PBXFileReference; lastKnownFileType = sourcecode.c.objc; path = ViewController.m; sourceTree = "<group>"; };
		5CD8BCAE1EC07DBE00366EB9 /* Base */ = {isa = PBXFileReference; lastKnownFileType = file.storyboard; name = Base; path = Base.lproj/Main.storyboard; sourceTree = "<group>"; };
		5CD8BCB01EC07DBE00366EB9 /* Assets.xcassets */ = {isa = PBXFileReference; lastKnownFileType = folder.assetcatalog; path = Assets.xcassets; sourceTree = "<group>"; };
		5CD8BCB31EC07DBE00366EB9 /* Base */ = {isa = PBXFileReference; lastKnownFileType = file.storyboard; name = Base; path = Base.lproj/LaunchScreen.storyboard; sourceTree = "<group>"; };
		5CD8BCB51EC07DBE00366EB9 /* Info.plist */ = {isa = PBXFileReference; lastKnownFileType = text.plist.xml; path = Info.plist; sourceTree = "<group>"; };
		5CD8BCBE1EC07E1000366EB9 /* UIFont+AutoSize.h */ = {isa = PBXFileReference; fileEncoding = 4; lastKnownFileType = sourcecode.c.h; path = "UIFont+AutoSize.h"; sourceTree = "<group>"; };
		5CD8BCBF1EC07E1000366EB9 /* UIFont+AutoSize.m */ = {isa = PBXFileReference; fileEncoding = 4; lastKnownFileType = sourcecode.c.objc; path = "UIFont+AutoSize.m"; sourceTree = "<group>"; };
/* End PBXFileReference section */

/* Begin PBXFrameworksBuildPhase section */
		5CD8BC9E1EC07DBE00366EB9 /* Frameworks */ = {
			isa = PBXFrameworksBuildPhase;
			buildActionMask = 2147483647;
			files = (
			);
			runOnlyForDeploymentPostprocessing = 0;
		};
/* End PBXFrameworksBuildPhase section */

/* Begin PBXGroup section */
		5CD8BC981EC07DBE00366EB9 = {
			isa = PBXGroup;
			children = (
				5CD8BCA31EC07DBE00366EB9 /* FontSize */,
				5CD8BCA21EC07DBE00366EB9 /* Products */,
			);
			sourceTree = "<group>";
		};
		5CD8BCA21EC07DBE00366EB9 /* Products */ = {
			isa = PBXGroup;
			children = (
				5CD8BCA11EC07DBE00366EB9 /* FontSize.app */,
			);
			name = Products;
			sourceTree = "<group>";
		};
		5CD8BCA31EC07DBE00366EB9 /* FontSize */ = {
			isa = PBXGroup;
			children = (
				5CD8BCBE1EC07E1000366EB9 /* UIFont+AutoSize.h */,
				5CD8BCBF1EC07E1000366EB9 /* UIFont+AutoSize.m */,
				5CD8BCA71EC07DBE00366EB9 /* AppDelegate.h */,
				5CD8BCA81EC07DBE00366EB9 /* AppDelegate.m */,
				5CD8BCAA1EC07DBE00366EB9 /* ViewController.h */,
				5CD8BCAB1EC07DBE00366EB9 /* ViewController.m */,
				5CD8BCAD1EC07DBE00366EB9 /* Main.storyboard */,
				5CD8BCB01EC07DBE00366EB9 /* Assets.xcassets */,
				5CD8BCB21EC07DBE00366EB9 /* LaunchScreen.storyboard */,
				5CD8BCB51EC07DBE00366EB9 /* Info.plist */,
				5CD8BCA41EC07DBE00366EB9 /* Supporting Files */,
			);
			path = FontSize;
			sourceTree = "<group>";
		};
		5CD8BCA41EC07DBE00366EB9 /* Supporting Files */ = {
			isa = PBXGroup;
			children = (
				5CD8BCA51EC07DBE00366EB9 /* main.m */,
			);
			name = "Supporting Files";
			sourceTree = "<group>";
		};
/* End PBXGroup section */

/* Begin PBXNativeTarget section */
		5CD8BCA01EC07DBE00366EB9 /* FontSize */ = {
			isa = PBXNativeTarget;
			buildConfigurationList = 5CD8BCB81EC07DBE00366EB9 /* Build configuration list for PBXNativeTarget "FontSize" */;
			buildPhases = (
				5CD8BC9D1EC07DBE00366EB9 /* Sources */,
				5CD8BC9E1EC07DBE00366EB9 /* Frameworks */,
				5CD8BC9F1EC07DBE00366EB9 /* Resources */,
			);
			buildRules = (
			);
			dependencies = (
			);
			name = FontSize;
			productName = FontSize;
			productReference = 5CD8BCA11EC07DBE00366EB9 /* FontSize.app */;
			productType = "com.apple.product-type.application";
		};
/* End PBXNativeTarget section */

/* Begin PBXProject section */
		5CD8BC991EC07DBE00366EB9 /* Project object */ = {
			isa = PBXProject;
			attributes = {
				LastUpgradeCheck = 0830;
				ORGANIZATIONNAME = TSM;
				TargetAttributes = {
					5CD8BCA01EC07DBE00366EB9 = {
						CreatedOnToolsVersion = 8.3.2;
						DevelopmentTeam = DVS4WL6GA8;
						ProvisioningStyle = Automatic;
					};
				};
			};
			buildConfigurationList = 5CD8BC9C1EC07DBE00366EB9 /* Build configuration list for PBXProject "FontSize" */;
			compatibilityVersion = "Xcode 3.2";
			developmentRegion = English;
			hasScannedForEncodings = 0;
			knownRegions = (
				en,
				Base,
			);
			mainGroup = 5CD8BC981EC07DBE00366EB9;
			productRefGroup = 5CD8BCA21EC07DBE00366EB9 /* Products */;
			projectDirPath = "";
			projectRoot = "";
			targets = (
				5CD8BCA01EC07DBE00366EB9 /* FontSize */,
			);
		};
/* End PBXProject section */

/* Begin PBXResourcesBuildPhase section */
		5CD8BC9F1EC07DBE00366EB9 /* Resources */ = {
			isa = PBXResourcesBuildPhase;
			buildActionMask = 2147483647;
			files = (
				5CD8BCB41EC07DBE00366EB9 /* LaunchScreen.storyboard in Resources */,
				5CD8BCB11EC07DBE00366EB9 /* Assets.xcassets in Resources */,
				5CD8BCAF1EC07DBE00366EB9 /* Main.storyboard in Resources */,
			);
			runOnlyForDeploymentPostprocessing = 0;
		};
/* End PBXResourcesBuildPhase section */

/* Begin PBXSourcesBuildPhase section */
		5CD8BC9D1EC07DBE00366EB9 /* Sources */ = {
			isa = PBXSourcesBuildPhase;
			buildActionMask = 2147483647;
			files = (
				5CD8BCC01EC07E1000366EB9 /* UIFont+AutoSize.m in Sources */,
				5CD8BCAC1EC07DBE00366EB9 /* ViewController.m in Sources */,
				5CD8BCA91EC07DBE00366EB9 /* AppDelegate.m in Sources */,
				5CD8BCA61EC07DBE00366EB9 /* main.m in Sources */,
			);
			runOnlyForDeploymentPostprocessing = 0;
		};
/* End PBXSourcesBuildPhase section */

/* Begin PBXVariantGroup section */
		5CD8BCAD1EC07DBE00366EB9 /* Main.storyboard */ = {
			isa = PBXVariantGroup;
			children = (
				5CD8BCAE1EC07DBE00366EB9 /* Base */,
			);
			name = Main.storyboard;
			sourceTree = "<group>";
		};
		5CD8BCB21EC07DBE00366EB9 /* LaunchScreen.storyboard */ = {
			isa = PBXVariantGroup;
			children = (
				5CD8BCB31EC07DBE00366EB9 /* Base */,
			);
			name = LaunchScreen.storyboard;
			sourceTree = "<group>";
		};
/* End PBXVariantGroup section */

/* Begin XCBuildConfiguration section */
		5CD8BCB61EC07DBE00366EB9 /* Debug */ = {
			isa = XCBuildConfiguration;
			buildSettings = {
				ALWAYS_SEARCH_USER_PATHS = NO;
				CLANG_ANALYZER_NONNULL = YES;
				CLANG_ANALYZER_NUMBER_OBJECT_CONVERSION = YES_AGGRESSIVE;
				CLANG_CXX_LANGUAGE_STANDARD = "gnu++0x";
				CLANG_CXX_LIBRARY = "libc++";
				CLANG_ENABLE_MODULES = YES;
				CLANG_ENABLE_OBJC_ARC = YES;
				CLANG_WARN_BOOL_CONVERSION = YES;
				CLANG_WARN_CONSTANT_CONVERSION = YES;
				CLANG_WARN_DIRECT_OBJC_ISA_USAGE = YES_ERROR;
				CLANG_WARN_DOCUMENTATION_COMMENTS = YES;
				CLANG_WARN_EMPTY_BODY = YES;
				CLANG_WARN_ENUM_CONVERSION = YES;
				CLANG_WARN_INFINITE_RECURSION = YES;
				CLANG_WARN_INT_CONVERSION = YES;
				CLANG_WARN_OBJC_ROOT_CLASS = YES_ERROR;
				CLANG_WARN_SUSPICIOUS_MOVE = YES;
				CLANG_WARN_UNREACHABLE_CODE = YES;
				CLANG_WARN__DUPLICATE_METHOD_MATCH = YES;
				"CODE_SIGN_IDENTITY[sdk=iphoneos*]" = "iPhone Developer";
				COPY_PHASE_STRIP = NO;
				DEBUG_INFORMATION_FORMAT = dwarf;
				ENABLE_STRICT_OBJC_MSGSEND = YES;
				ENABLE_TESTABILITY = YES;
				GCC_C_LANGUAGE_STANDARD = gnu99;
				GCC_DYNAMIC_NO_PIC = NO;
				GCC_NO_COMMON_BLOCKS = YES;
				GCC_OPTIMIZATION_LEVEL = 0;
				GCC_PREPROCESSOR_DEFINITIONS = (
					"DEBUG=1",
					"$(inherited)",
				);
				GCC_WARN_64_TO_32_BIT_CONVERSION = YES;
				GCC_WARN_ABOUT_RETURN_TYPE = YES_ERROR;
				GCC_WARN_UNDECLARED_SELECTOR = YES;
				GCC_WARN_UNINITIALIZED_AUTOS = YES_AGGRESSIVE;
				GCC_WARN_UNUSED_FUNCTION = YES;
				GCC_WARN_UNUSED_VARIABLE = YES;
				IPHONEOS_DEPLOYMENT_TARGET = 10.3;
				MTL_ENABLE_DEBUG_INFO = YES;
				ONLY_ACTIVE_ARCH = YES;
				SDKROOT = iphoneos;
				TARGETED_DEVICE_FAMILY = "1,2";
			};
			name = Debug;
		};
		5CD8BCB71EC07DBE00366EB9 /* Release */ = {
			isa = XCBuildConfiguration;
			buildSettings = {
				ALWAYS_SEARCH_USER_PATHS = NO;
				CLANG_ANALYZER_NONNULL = YES;
				CLANG_ANALYZER_NUMBER_OBJECT_CONVERSION = YES_AGGRESSIVE;
				CLANG_CXX_LANGUAGE_STANDARD = "gnu++0x";
				CLANG_CXX_LIBRARY = "libc++";
				CLANG_ENABLE_MODULES = YES;
				CLANG_ENABLE_OBJC_ARC = YES;
				CLANG_WARN_BOOL_CONVERSION = YES;
				CLANG_WARN_CONSTANT_CONVERSION = YES;
				CLANG_WARN_DIRECT_OBJC_ISA_USAGE = YES_ERROR;
				CLANG_WARN_DOCUMENTATION_COMMENTS = YES;
				CLANG_WARN_EMPTY_BODY = YES;
				CLANG_WARN_ENUM_CONVERSION = YES;
				CLANG_WARN_INFINITE_RECURSION = YES;
				CLANG_WARN_INT_CONVERSION = YES;
				CLANG_WARN_OBJC_ROOT_CLASS = YES_ERROR;
				CLANG_WARN_SUSPICIOUS_MOVE = YES;
				CLANG_WARN_UNREACHABLE_CODE = YES;
				CLANG_WARN__DUPLICATE_METHOD_MATCH = YES;
				"CODE_SIGN_IDENTITY[sdk=iphoneos*]" = "iPhone Developer";
				COPY_PHASE_STRIP = NO;
				DEBUG_INFORMATION_FORMAT = "dwarf-with-dsym";
				ENABLE_NS_ASSERTIONS = NO;
				ENABLE_STRICT_OBJC_MSGSEND = YES;
				GCC_C_LANGUAGE_STANDARD = gnu99;
				GCC_NO_COMMON_BLOCKS = YES;
				GCC_WARN_64_TO_32_BIT_CONVERSION = YES;
				GCC_WARN_ABOUT_RETURN_TYPE = YES_ERROR;
				GCC_WARN_UNDECLARED_SELECTOR = YES;
				GCC_WARN_UNINITIALIZED_AUTOS = YES_AGGRESSIVE;
				GCC_WARN_UNUSED_FUNCTION = YES;
				GCC_WARN_UNUSED_VARIABLE = YES;
				IPHONEOS_DEPLOYMENT_TARGET = 10.3;
				MTL_ENABLE_DEBUG_INFO = NO;
				SDKROOT = iphoneos;
				TARGETED_DEVICE_FAMILY = "1,2";
				VALIDATE_PRODUCT = YES;
			};
			name = Release;
		};
		5CD8BCB91EC07DBE00366EB9 /* Debug */ = {
			isa = XCBuildConfiguration;
			buildSettings = {
				ASSETCATALOG_COMPILER_APPICON_NAME = AppIcon;
				DEVELOPMENT_TEAM = DVS4WL6GA8;
				INFOPLIST_FILE = FontSize/Info.plist;
				LD_RUNPATH_SEARCH_PATHS = "$(inherited) @executable_path/Frameworks";
				PRODUCT_BUNDLE_IDENTIFIER = "Simon-DX.FontSize";
				PRODUCT_NAME = "$(TARGET_NAME)";
			};
			name = Debug;
		};
		5CD8BCBA1EC07DBE00366EB9 /* Release */ = {
			isa = XCBuildConfiguration;
			buildSettings = {
				ASSETCATALOG_COMPILER_APPICON_NAME = AppIcon;
				DEVELOPMENT_TEAM = DVS4WL6GA8;
				INFOPLIST_FILE = FontSize/Info.plist;
				LD_RUNPATH_SEARCH_PATHS = "$(inherited) @executable_path/Frameworks";
				PRODUCT_BUNDLE_IDENTIFIER = "Simon-DX.FontSize";
				PRODUCT_NAME = "$(TARGET_NAME)";
			};
			name = Release;
		};
/* End XCBuildConfiguration section */

/* Begin XCConfigurationList section */
		5CD8BC9C1EC07DBE00366EB9 /* Build configuration list for PBXProject "FontSize" */ = {
			isa = XCConfigurationList;
			buildConfigurations = (
				5CD8BCB61EC07DBE00366EB9 /* Debug */,
				5CD8BCB71EC07DBE00366EB9 /* Release */,
			);
			defaultConfigurationIsVisible = 0;
			defaultConfigurationName = Release;
		};
		5CD8BCB81EC07DBE00366EB9 /* Build configuration list for PBXNativeTarget "FontSize" */ = {
			isa = XCConfigurationList;
			buildConfigurations = (
				5CD8BCB91EC07DBE00366EB9 /* Debug */,
				5CD8BCBA1EC07DBE00366EB9 /* Release */,
			);
			defaultConfigurationIsVisible = 0;
		};
/* End XCConfigurationList section */
	};
	rootObject = 5CD8BC991EC07DBE00366EB9 /* Project object */;
}
